<?xml version="1.0" encoding="utf-8"?>
<Project ToolsVersion="4.0" xmlns="http://schemas.microsoft.com/developer/msbuild/2003">
  <ItemGroup>
    <Filter Include="Source Files">
      <UniqueIdentifier>{4FC737F1-C7A5-4376-A066-2A32D752A2FF}</UniqueIdentifier>
      <Extensions>cpp;c;cc;cxx;c++;cppm;ixx;def;odl;idl;hpj;bat;asm;asmx</Extensions>
    </Filter>
    <Filter Include="Resource Files">
      <UniqueIdentifier>{67DA6AB6-F800-4c08-8B7A-83BB121AAD01}</UniqueIdentifier>
      <Extensions>rc;ico;cur;bmp;dlg;rc2;rct;bin;rgs;gif;jpg;jpeg;jpe;resx;tiff;tif;png;wav;mfcribbon-ms</Extensions>
    </Filter>
    <Filter Include="Header Files">
      <UniqueIdentifier>{93995380-89BD-4b04-88EB-625FBE52EBFB}</UniqueIdentifier>
      <Extensions>h;hh;hpp;hxx;h++;hm;inl;inc;ipp;xsd</Extensions>
    </Filter>
    <Filter Include="Source Files\D3D12">
      <UniqueIdentifier>{7c70e9dc-2f17-4854-a595-117d1acf9c9e}</UniqueIdentifier>
    </Filter>
    <Filter Include="Header Files\D3D12">
      <UniqueIdentifier>{ad9eac6e-ed70-4f34-b181-8f0e4bf165d5}</UniqueIdentifier>
    </Filter>
    <Filter Include="Header Files\Exceptions">
      <UniqueIdentifier>{7b64b6c6-d679-4175-a702-c12fa88cef7a}</UniqueIdentifier>
    </Filter>
    <Filter Include="Header Files\Precompiled">
      <UniqueIdentifier>{1c67cfb8-faeb-4e44-a5dd-33794ec16bd6}</UniqueIdentifier>
    </Filter>
    <Filter Include="Source Files\Precompiled">
      <UniqueIdentifier>{9afe33a3-cf84-4236-a818-8f519ed40ce2}</UniqueIdentifier>
    </Filter>
    <Filter Include="Source Files\DirectX">
      <UniqueIdentifier>{978be2aa-6ea4-4a76-ab8c-aa691c3721b6}</UniqueIdentifier>
    </Filter>
    <Filter Include="Header Files\DirectX">
      <UniqueIdentifier>{fb47a505-dcab-4ccc-a3a7-2ae3893fe5d5}</UniqueIdentifier>
    </Filter>
    <Filter Include="Header Files\Utility">
      <UniqueIdentifier>{2bb18a0b-96e4-4952-8885-a014cabed668}</UniqueIdentifier>
    </Filter>
    <Filter Include="Source Files\Utility">
      <UniqueIdentifier>{a9c1cdab-cb78-4769-b7b3-f9f8a80d867f}</UniqueIdentifier>
    </Filter>
    <Filter Include="Resource Files\LunaCommon">
      <UniqueIdentifier>{efcaea8e-f02e-4bcf-a230-6470b7e47098}</UniqueIdentifier>
    </Filter>
    <Filter Include="Resource Files\LunaCommon\Header">
      <UniqueIdentifier>{dd9e965a-db0a-4c93-a863-15fcaa222ce0}</UniqueIdentifier>
    </Filter>
    <Filter Include="Resource Files\LunaCommon\Source">
      <UniqueIdentifier>{97a65d83-a789-4d85-8d43-6358dfea1df3}</UniqueIdentifier>
    </Filter>
    <Filter Include="Resource Files\Date">
      <UniqueIdentifier>{59402d9e-d84b-4830-b7ba-8d8bdf0b8725}</UniqueIdentifier>
    </Filter>
    <Filter Include="Resource Files\Date\Header">
      <UniqueIdentifier>{b74c7274-0012-4d7e-90ed-5d51bb6a6241}</UniqueIdentifier>
    </Filter>
    <Filter Include="Resource Files\MagicEnum">
      <UniqueIdentifier>{e08b15e1-b59d-472d-a3c4-2b15b034d7e5}</UniqueIdentifier>
    </Filter>
    <Filter Include="Resource Files\Shaders">
      <UniqueIdentifier>{d50cfb2c-15b8-42ca-9610-9e0df3f4da83}</UniqueIdentifier>
    </Filter>
    <Filter Include="Header Files\DirectX\Heaps">
      <UniqueIdentifier>{40ba4e79-5abe-43ee-823d-d34251e0cea6}</UniqueIdentifier>
    </Filter>
    <Filter Include="Header Files\DirectX\Depth Stencil View">
      <UniqueIdentifier>{6deb8417-3eba-480d-8648-c89f05574b34}</UniqueIdentifier>
    </Filter>
  </ItemGroup>
  <ItemGroup>
    <ClCompile Include="Source\PrioEngine.cpp">
      <Filter>Source Files</Filter>
    </ClCompile>
    <ClCompile Include="Source\PrioEngineFactory.cpp">
      <Filter>Source Files</Filter>
    </ClCompile>
    <ClCompile Include="Resources\LunaCommon\Source\Camera.cpp">
      <Filter>Resource Files\LunaCommon\Source</Filter>
    </ClCompile>
    <ClCompile Include="Resources\LunaCommon\Source\d3dUtil.cpp">
      <Filter>Resource Files\LunaCommon\Source</Filter>
    </ClCompile>
    <ClCompile Include="Resources\LunaCommon\Source\DDSTextureLoader.cpp">
      <Filter>Resource Files\LunaCommon\Source</Filter>
    </ClCompile>
    <ClCompile Include="Resources\LunaCommon\Source\GameTimer.cpp">
      <Filter>Resource Files\LunaCommon\Source</Filter>
    </ClCompile>
    <ClCompile Include="Resources\LunaCommon\Source\GeometryGenerator.cpp">
      <Filter>Resource Files\LunaCommon\Source</Filter>
    </ClCompile>
    <ClCompile Include="Resources\LunaCommon\Source\MathHelper.cpp">
      <Filter>Resource Files\LunaCommon\Source</Filter>
    </ClCompile>
    <ClCompile Include="Source\D3D12PrioEngine.cpp">
      <Filter>Source Files\D3D12</Filter>
    </ClCompile>
    <ClCompile Include="Source\pch.cpp">
      <Filter>Source Files\Precompiled</Filter>
    </ClCompile>
    <ClCompile Include="Source\Logger.cpp">
      <Filter>Source Files\Utility</Filter>
    </ClCompile>
    <ClCompile Include="Source\EnumUtilities.cpp">
      <Filter>Source Files\Utility</Filter>
    </ClCompile>
    <ClCompile Include="Source\ShaderFacade.cpp">
      <Filter>Source Files</Filter>
    </ClCompile>
  </ItemGroup>
  <ItemGroup>
    <ClInclude Include="Header\framework.h">
      <Filter>Header Files</Filter>
    </ClInclude>
    <ClInclude Include="Header\EEngineCodes.h">
      <Filter>Header Files</Filter>
    </ClInclude>
    <ClInclude Include="Header\PrioEngineFactory.h">
      <Filter>Header Files</Filter>
    </ClInclude>
    <ClInclude Include="Header\PrioEngine.h">
      <Filter>Header Files</Filter>
    </ClInclude>
    <ClInclude Include="Resources\LunaCommon\Include\Camera.h">
      <Filter>Resource Files\LunaCommon\Header</Filter>
    </ClInclude>
    <ClInclude Include="Resources\LunaCommon\Include\d3dUtil.h">
      <Filter>Resource Files\LunaCommon\Header</Filter>
    </ClInclude>
    <ClInclude Include="Resources\LunaCommon\Include\d3dx12.h">
      <Filter>Resource Files\LunaCommon\Header</Filter>
    </ClInclude>
    <ClInclude Include="Resources\LunaCommon\Include\DDSTextureLoader.h">
      <Filter>Resource Files\LunaCommon\Header</Filter>
    </ClInclude>
    <ClInclude Include="Resources\LunaCommon\Include\GameTimer.h">
      <Filter>Resource Files\LunaCommon\Header</Filter>
    </ClInclude>
    <ClInclude Include="Resources\LunaCommon\Include\GeometryGenerator.h">
      <Filter>Resource Files\LunaCommon\Header</Filter>
    </ClInclude>
    <ClInclude Include="Resources\LunaCommon\Include\MathHelper.h">
      <Filter>Resource Files\LunaCommon\Header</Filter>
    </ClInclude>
    <ClInclude Include="Resources\LunaCommon\Include\UploadBuffer.h">
      <Filter>Resource Files\LunaCommon\Header</Filter>
    </ClInclude>
    <ClInclude Include="Header\D3D12PrioEngine.h">
      <Filter>Header Files\D3D12</Filter>
    </ClInclude>
    <ClInclude Include="Header\EngineCreationException.h">
      <Filter>Header Files\Exceptions</Filter>
    </ClInclude>
    <ClInclude Include="Header\pch.h">
      <Filter>Header Files\Precompiled</Filter>
    </ClInclude>
    <ClInclude Include="Header\EEngineTypes.h">
      <Filter>Header Files</Filter>
    </ClInclude>
    <ClInclude Include="Resources\Date\Include\date.h">
      <Filter>Resource Files\Date\Header</Filter>
    </ClInclude>
    <ClInclude Include="Resources\MagicEnum\Include\magic_enum.hpp">
      <Filter>Resource Files\MagicEnum</Filter>
    </ClInclude>
    <ClInclude Include="Header\ELogVerbosity.h">
      <Filter>Header Files\Utility</Filter>
    </ClInclude>
    <ClInclude Include="Header\Logger.h">
      <Filter>Header Files\Utility</Filter>
    </ClInclude>
    <ClInclude Include="Header\EnumUtilities.h">
      <Filter>Header Files\Utility</Filter>
    </ClInclude>
    <ClInclude Include="Header\ShaderFacade.h">
      <Filter>Header Files</Filter>
    </ClInclude>
    <ClInclude Include="Header\EShaderType.h">
      <Filter>Header Files\Utility</Filter>
    </ClInclude>
    <ClInclude Include="Header\Box.h">
      <Filter>Header Files</Filter>
    </ClInclude>
    <ClInclude Include="Header\Vertex.h">
      <Filter>Header Files</Filter>
    </ClInclude>
    <ClInclude Include="Header\ObjectConstants.h">
      <Filter>Header Files</Filter>
    </ClInclude>
    <ClInclude Include="Header\d3dConstantBufferViewHeap.h">
      <Filter>Header Files\DirectX\Heaps</Filter>
    </ClInclude>
    <ClInclude Include="Header\d3dRenderTargetViewHeap.h">
      <Filter>Header Files\DirectX\Heaps</Filter>
    </ClInclude>
    <ClInclude Include="Header\d3dDepthStencilViewHeap.h">
      <Filter>Header Files\DirectX\Depth Stencil View</Filter>
    </ClInclude>
    <ClInclude Include="Header\d3dDepthStencilView.h">
      <Filter>Header Files\DirectX\Depth Stencil View</Filter>
    </ClInclude>
  </ItemGroup>
  <ItemGroup>
    <FxCompile Include="Resources\Shaders\VS_BasicColour.hlsl">
      <Filter>Resource Files\Shaders</Filter>
    </FxCompile>
    <FxCompile Include="Resources\Shaders\PS_BasicColour.hlsl">
      <Filter>Resource Files\Shaders</Filter>
    </FxCompile>
  </ItemGroup>
  <ItemGroup>
    <None Include="Resources\Shaders\Common_BasicColour.hlsli">
      <Filter>Resource Files\Shaders</Filter>
    </None>
  </ItemGroup>
</Project>