<?xml version="1.0" encoding="utf-8"?>
<Project ToolsVersion="4.0" xmlns="http://schemas.microsoft.com/developer/msbuild/2003">
  <ItemGroup>
    <Filter Include="Source Files">
      <UniqueIdentifier>{4FC737F1-C7A5-4376-A066-2A32D752A2FF}</UniqueIdentifier>
      <Extensions>cpp;c;cc;cxx;c++;cppm;ixx;def;odl;idl;hpj;bat;asm;asmx</Extensions>
    </Filter>
    <Filter Include="Resource Files">
      <UniqueIdentifier>{67DA6AB6-F800-4c08-8B7A-83BB121AAD01}</UniqueIdentifier>
      <Extensions>rc;ico;cur;bmp;dlg;rc2;rct;bin;rgs;gif;jpg;jpeg;jpe;resx;tiff;tif;png;wav;mfcribbon-ms</Extensions>
    </Filter>
    <Filter Include="Header Files">
      <UniqueIdentifier>{93995380-89BD-4b04-88EB-625FBE52EBFB}</UniqueIdentifier>
      <Extensions>h;hh;hpp;hxx;h++;hm;inl;inc;ipp;xsd</Extensions>
    </Filter>
    <Filter Include="Header Files\maths">
      <UniqueIdentifier>{156ddbd3-839c-473e-b1bc-48f64692fc22}</UniqueIdentifier>
    </Filter>
    <Filter Include="Header Files\maths\types">
      <UniqueIdentifier>{7483d975-c099-4ce7-8fd4-9dbb8f9e4555}</UniqueIdentifier>
    </Filter>
    <Filter Include="Header Files\engine">
      <UniqueIdentifier>{9e6c802c-589a-4fa3-b6f2-4acf73516101}</UniqueIdentifier>
    </Filter>
    <Filter Include="Header Files\engine\rendering">
      <UniqueIdentifier>{59adad47-474a-46bc-81c0-74a678ab30f0}</UniqueIdentifier>
    </Filter>
    <Filter Include="Source Files\engine">
      <UniqueIdentifier>{8fc28111-cb17-457b-a63d-db93a8547390}</UniqueIdentifier>
    </Filter>
    <Filter Include="Source Files\engine\rendering">
      <UniqueIdentifier>{87485af9-53f3-40a2-91c5-2eba7b39befe}</UniqueIdentifier>
    </Filter>
    <Filter Include="Header Files\engine\rendering\exceptions">
      <UniqueIdentifier>{19a7c0ca-91cf-44b2-9610-7a16a60f2b29}</UniqueIdentifier>
    </Filter>
    <Filter Include="Source Files\engine\rendering\exceptions">
      <UniqueIdentifier>{cedebc2d-66cd-4f20-b178-5515e67c6745}</UniqueIdentifier>
    </Filter>
    <Filter Include="Header Files\os">
      <UniqueIdentifier>{cd5c975b-f535-475c-83e8-2ca1da384df6}</UniqueIdentifier>
    </Filter>
    <Filter Include="Header Files\engine\rendering\types">
      <UniqueIdentifier>{a388e2ab-ffde-4c37-bdbf-2c09344c727f}</UniqueIdentifier>
    </Filter>
    <Filter Include="Header Files\engine\common">
      <UniqueIdentifier>{9c3f08bb-a539-4ea2-8347-77d024a6d8b4}</UniqueIdentifier>
    </Filter>
    <Filter Include="Source Files\engine\common">
      <UniqueIdentifier>{3eb9451a-99ea-41f8-bdb2-459901233fdd}</UniqueIdentifier>
    </Filter>
    <Filter Include="Header Files\engine\rendering\helper">
      <UniqueIdentifier>{2cd64ad0-ffae-4070-a651-2565fcdd0659}</UniqueIdentifier>
    </Filter>
    <Filter Include="Source Files\engine\rendering\helper">
      <UniqueIdentifier>{cbf6cf9f-e505-489a-a51b-b621959b986e}</UniqueIdentifier>
    </Filter>
    <Filter Include="Header Files\engine\rendering\mesh">
      <UniqueIdentifier>{9db26680-2f97-42ae-ab92-da8ac79bdce8}</UniqueIdentifier>
    </Filter>
    <Filter Include="Source Files\engine\mesh">
      <UniqueIdentifier>{7d814eee-44c0-4b66-8a22-a7e6ae818bd7}</UniqueIdentifier>
    </Filter>
    <Filter Include="Header Files\engine\rendering\d3d12">
      <UniqueIdentifier>{c8218fcc-6484-48aa-b641-32494a8821a3}</UniqueIdentifier>
    </Filter>
    <Filter Include="Source Files\engine\rendering\d3d12">
      <UniqueIdentifier>{1f2ae098-3d35-4d68-a3df-2c18dbf70e8d}</UniqueIdentifier>
    </Filter>
  </ItemGroup>
  <ItemGroup>
    <ClCompile Include="Source\pch.cpp">
      <Filter>Source Files</Filter>
    </ClCompile>
    <ClCompile Include="Source\prioengine.cpp">
      <Filter>Source Files</Filter>
    </ClCompile>
    <ClCompile Include="Source\engine\rendering\renderingenginebase.cpp">
      <Filter>Source Files\engine\rendering</Filter>
    </ClCompile>
    <ClCompile Include="Source\engine\rendering\d3d12renderingengine.cpp">
      <Filter>Source Files\engine\rendering</Filter>
    </ClCompile>
    <ClCompile Include="Source\engine\rendering\exceptions\renderingengineexception.cpp">
      <Filter>Source Files\engine\rendering\exceptions</Filter>
    </ClCompile>
    <ClCompile Include="Source\engine\common\stringconversion.cpp">
      <Filter>Source Files\engine\common</Filter>
    </ClCompile>
    <ClCompile Include="Source\engine\timer.cpp">
      <Filter>Source Files\engine</Filter>
    </ClCompile>
    <ClCompile Include="Source\engine\rendering\helper\d3d12util.cpp">
      <Filter>Source Files\engine\rendering\helper</Filter>
    </ClCompile>
    <ClCompile Include="Source\engine\rendering\mesh\mesh.cpp">
      <Filter>Source Files\engine\mesh</Filter>
    </ClCompile>
    <ClCompile Include="uploadbuffer.cpp">
      <Filter>Source Files\engine\rendering\d3d12</Filter>
    </ClCompile>
  </ItemGroup>
  <ItemGroup>
    <ClInclude Include="Header\framework.h">
      <Filter>Header Files</Filter>
    </ClInclude>
    <ClInclude Include="Header\pch.h">
      <Filter>Header Files</Filter>
    </ClInclude>
    <ClInclude Include="Header\prioengine.h">
      <Filter>Header Files</Filter>
    </ClInclude>
    <ClInclude Include="Header\maths\types\vertex.h">
      <Filter>Header Files\maths\types</Filter>
    </ClInclude>
    <ClInclude Include="Header\engine\rendering\renderingenginebase.h">
      <Filter>Header Files\engine\rendering</Filter>
    </ClInclude>
    <ClInclude Include="Header\engine\rendering\d3d12enderingengine.h">
      <Filter>Header Files\engine\rendering</Filter>
    </ClInclude>
    <ClInclude Include="Header\engine\rendering\exceptions\renderingengineexception.h">
      <Filter>Header Files\engine\rendering\exceptions</Filter>
    </ClInclude>
    <ClInclude Include="Header\os\globals.h">
      <Filter>Header Files\os</Filter>
    </ClInclude>
    <ClInclude Include="Header\engine\rendering\types\graphicsapi.h">
      <Filter>Header Files\engine\rendering\types</Filter>
    </ClInclude>
    <ClInclude Include="Header\engine\common\stringconversion.h">
      <Filter>Header Files\engine\common</Filter>
    </ClInclude>
    <ClInclude Include="Header\os\d3dx12.h">
      <Filter>Header Files\os</Filter>
    </ClInclude>
    <ClInclude Include="Header\engine\timer.h">
      <Filter>Header Files\engine</Filter>
    </ClInclude>
    <ClInclude Include="Header\engine\rendering\helper\d3d12util.h">
      <Filter>Header Files\engine\rendering\helper</Filter>
    </ClInclude>
    <ClInclude Include="Header\engine\rendering\helper\ddstextureloader.h">
      <Filter>Header Files\engine\rendering\helper</Filter>
    </ClInclude>
    <ClInclude Include="Header\engine\rendering\mesh\mesh.h">
      <Filter>Header Files\engine\rendering\mesh</Filter>
    </ClInclude>
    <ClInclude Include="Header\engine\rendering\d3d12\uploadbuffer.h">
      <Filter>Header Files\engine\rendering\d3d12</Filter>
    </ClInclude>
  </ItemGroup>
</Project>